
Microsoft Visual Studio Solution File, Format Version 12.00
# Visual Studio Version 16
VisualStudioVersion = 16.0.29215.179
MinimumVisualStudioVersion = 10.0.40219.1
Project("{FAE04EC0-301F-11D3-BF4B-00C04F79EFBC}") = "laba_10", "laba_10\laba_10.csproj", "{307F0498-7E94-4AC9-B5EE-6301A2B30FC7}"
EndProject
Global
	GlobalSection(SolutionConfigurationPlatforms) = preSolution
		Debug|Any CPU = Debug|Any CPU
		Release|Any CPU = Release|Any CPU
	EndGlobalSection
	GlobalSection(ProjectConfigurationPlatforms) = postSolution
		{307F0498-7E94-4AC9-B5EE-6301A2B30FC7}.Debug|Any CPU.ActiveCfg = Debug|Any CPU
		{307F0498-7E94-4AC9-B5EE-6301A2B30FC7}.Debug|Any CPU.Build.0 = Debug|Any CPU
		{307F0498-7E94-4AC9-B5EE-6301A2B30FC7}.Release|Any CPU.ActiveCfg = Release|Any CPU
		{307F0498-7E94-4AC9-B5EE-6301A2B30FC7}.Release|Any CPU.Build.0 = Release|Any CPU
	EndGlobalSection
	GlobalSection(SolutionProperties) = preSolution
		HideSolutionNode = FALSE
	EndGlobalSection
	GlobalSection(ExtensibilityGlobals) = postSolution
		SolutionGuid = {3C20F41D-3436-4682-A86D-EB74BFE7A029}
	EndGlobalSection
EndGlobal
